
Microsoft Visual Studio Solution File, Format Version 12.00
# Visual Studio Version 17
VisualStudioVersion = 17.3.32929.385
MinimumVisualStudioVersion = 10.0.40219.1
Project("{9A19103F-16F7-4668-BE54-9A1E7A4F7556}") = "Craftorio.Server", "Server\Craftorio.Server.csproj", "{74C6033A-15EA-4866-99D8-861F0F8CE7D3}"
EndProject
Project("{9A19103F-16F7-4668-BE54-9A1E7A4F7556}") = "Craftorio.Client", "Client\Craftorio.Client.csproj", "{E6D129C1-C71F-4396-963B-0B082B0401B9}"
EndProject
Project("{9A19103F-16F7-4668-BE54-9A1E7A4F7556}") = "Craftorio.Shared", "Shared\Craftorio.Shared.csproj", "{DDF7325C-0CCE-4EB5-8538-C85FB88B5128}"
EndProject
Project("{FAE04EC0-301F-11D3-BF4B-00C04F79EFBC}") = "CraftorioTest", "CraftorioTest\CraftorioTest.csproj", "{D316DBEC-A26C-47D4-ADA5-1F28CB2C7562}"
EndProject
Global
	GlobalSection(SolutionConfigurationPlatforms) = preSolution
		Debug|Any CPU = Debug|Any CPU
		Release|Any CPU = Release|Any CPU
	EndGlobalSection
	GlobalSection(ProjectConfigurationPlatforms) = postSolution
		{74C6033A-15EA-4866-99D8-861F0F8CE7D3}.Debug|Any CPU.ActiveCfg = Debug|Any CPU
		{74C6033A-15EA-4866-99D8-861F0F8CE7D3}.Debug|Any CPU.Build.0 = Debug|Any CPU
		{74C6033A-15EA-4866-99D8-861F0F8CE7D3}.Release|Any CPU.ActiveCfg = Release|Any CPU
		{74C6033A-15EA-4866-99D8-861F0F8CE7D3}.Release|Any CPU.Build.0 = Release|Any CPU
		{E6D129C1-C71F-4396-963B-0B082B0401B9}.Debug|Any CPU.ActiveCfg = Debug|Any CPU
		{E6D129C1-C71F-4396-963B-0B082B0401B9}.Debug|Any CPU.Build.0 = Debug|Any CPU
		{E6D129C1-C71F-4396-963B-0B082B0401B9}.Release|Any CPU.ActiveCfg = Release|Any CPU
		{E6D129C1-C71F-4396-963B-0B082B0401B9}.Release|Any CPU.Build.0 = Release|Any CPU
		{DDF7325C-0CCE-4EB5-8538-C85FB88B5128}.Debug|Any CPU.ActiveCfg = Debug|Any CPU
		{DDF7325C-0CCE-4EB5-8538-C85FB88B5128}.Debug|Any CPU.Build.0 = Debug|Any CPU
		{DDF7325C-0CCE-4EB5-8538-C85FB88B5128}.Release|Any CPU.ActiveCfg = Release|Any CPU
		{DDF7325C-0CCE-4EB5-8538-C85FB88B5128}.Release|Any CPU.Build.0 = Release|Any CPU
		{D316DBEC-A26C-47D4-ADA5-1F28CB2C7562}.Debug|Any CPU.ActiveCfg = Debug|Any CPU
		{D316DBEC-A26C-47D4-ADA5-1F28CB2C7562}.Debug|Any CPU.Build.0 = Debug|Any CPU
		{D316DBEC-A26C-47D4-ADA5-1F28CB2C7562}.Release|Any CPU.ActiveCfg = Release|Any CPU
		{D316DBEC-A26C-47D4-ADA5-1F28CB2C7562}.Release|Any CPU.Build.0 = Release|Any CPU
	EndGlobalSection
	GlobalSection(SolutionProperties) = preSolution
		HideSolutionNode = FALSE
	EndGlobalSection
	GlobalSection(ExtensibilityGlobals) = postSolution
		SolutionGuid = {385DC924-5375-4FAD-848A-6BE1DF3B22B4}
	EndGlobalSection
EndGlobal
